
Microsoft Visual Studio Solution File, Format Version 12.00
# Visual Studio Version 16
VisualStudioVersion = 16.0.30320.27
MinimumVisualStudioVersion = 10.0.40219.1
Project("{9A19103F-16F7-4668-BE54-9A1E7A4F7556}") = "TimeTableManager", "TimeTableManager.csproj", "{B3438C38-4899-4486-BE38-8EEC4B7E41E9}"
EndProject
Global
	GlobalSection(SolutionConfigurationPlatforms) = preSolution
		Debug|Any CPU = Debug|Any CPU
		Release|Any CPU = Release|Any CPU
	EndGlobalSection
	GlobalSection(ProjectConfigurationPlatforms) = postSolution
		{B3438C38-4899-4486-BE38-8EEC4B7E41E9}.Debug|Any CPU.ActiveCfg = Debug|Any CPU
		{B3438C38-4899-4486-BE38-8EEC4B7E41E9}.Debug|Any CPU.Build.0 = Debug|Any CPU
		{B3438C38-4899-4486-BE38-8EEC4B7E41E9}.Release|Any CPU.ActiveCfg = Release|Any CPU
		{B3438C38-4899-4486-BE38-8EEC4B7E41E9}.Release|Any CPU.Build.0 = Release|Any CPU
	EndGlobalSection
	GlobalSection(SolutionProperties) = preSolution
		HideSolutionNode = FALSE
	EndGlobalSection
	GlobalSection(ExtensibilityGlobals) = postSolution
		SolutionGuid = {3E783CB0-394F-4065-BCD2-8145E1EDC739}
	EndGlobalSection
EndGlobal
